<?xml version="1.0" encoding="utf-8"?>
<Project ToolsVersion="16.0" xmlns="http://schemas.microsoft.com/developer/msbuild/2003">
  <ItemGroup>
    <CustomBuild Include="C:\Users\juvia\source\repos\cpp-warmup\CMakeFiles\67655b01025c478786ca8473ff679699\generate.stamp.rule">
      <Filter>CMake Rules</Filter>
    </CustomBuild>
  </ItemGroup>
  <ItemGroup>
    <Filter Include="CMake Rules">
      <UniqueIdentifier>{14E3D80F-B6DC-33AD-8115-E6C805A79805}</UniqueIdentifier>
    </Filter>
  </ItemGroup>
</Project>
